
Microsoft Visual Studio Solution File, Format Version 12.00
# Visual Studio Version 16
VisualStudioVersion = 16.0.29424.173
MinimumVisualStudioVersion = 10.0.40219.1
Project("{9A19103F-16F7-4668-BE54-9A1E7A4F7556}") = "SonequaBot", "SonequaBot\SonequaBot.csproj", "{466413FB-4FEB-408B-A753-86D72F29BFDB}"
EndProject
Project("{9A19103F-16F7-4668-BE54-9A1E7A4F7556}") = "SonequaBot.Web", "SonequaBot.Web\SonequaBot.Web.csproj", "{AF98D056-DA68-4552-8868-7E12E15080F7}"
EndProject
Project("{9A19103F-16F7-4668-BE54-9A1E7A4F7556}") = "SonequaBot.Discord", "SonequaBot.Discord\SonequaBot.Discord.csproj", "{997C56CC-0702-4D4F-824C-F0DA27009967}"
EndProject
Project("{9A19103F-16F7-4668-BE54-9A1E7A4F7556}") = "SonequaBot.Shared", "SonquaBot.Shared\SonequaBot.Shared.csproj", "{A9E1EA0D-C6C6-49E2-8E3B-604AF54762BE}"
EndProject
Project("{FAE04EC0-301F-11D3-BF4B-00C04F79EFBC}") = "SonequaBot.Sentiment", "SonequaBot.Sentiment\SonequaBot.Sentiment.csproj", "{85D66589-A95A-4E1F-BAA0-929D67265589}"
EndProject
Project("{FAE04EC0-301F-11D3-BF4B-00C04F79EFBC}") = "SonequaBot.Tests", "SonequaBot.Tests\SonequaBot.Tests.csproj", "{2C7CF04F-14A8-4506-9636-EDB157397F9C}"
EndProject
Global
	GlobalSection(SolutionConfigurationPlatforms) = preSolution
		Debug|Any CPU = Debug|Any CPU
		Release|Any CPU = Release|Any CPU
	EndGlobalSection
	GlobalSection(ProjectConfigurationPlatforms) = postSolution
		{466413FB-4FEB-408B-A753-86D72F29BFDB}.Debug|Any CPU.ActiveCfg = Debug|Any CPU
		{466413FB-4FEB-408B-A753-86D72F29BFDB}.Debug|Any CPU.Build.0 = Debug|Any CPU
		{466413FB-4FEB-408B-A753-86D72F29BFDB}.Release|Any CPU.ActiveCfg = Release|Any CPU
		{466413FB-4FEB-408B-A753-86D72F29BFDB}.Release|Any CPU.Build.0 = Release|Any CPU
		{AF98D056-DA68-4552-8868-7E12E15080F7}.Debug|Any CPU.ActiveCfg = Debug|Any CPU
		{AF98D056-DA68-4552-8868-7E12E15080F7}.Debug|Any CPU.Build.0 = Debug|Any CPU
		{AF98D056-DA68-4552-8868-7E12E15080F7}.Release|Any CPU.ActiveCfg = Release|Any CPU
		{AF98D056-DA68-4552-8868-7E12E15080F7}.Release|Any CPU.Build.0 = Release|Any CPU
		{997C56CC-0702-4D4F-824C-F0DA27009967}.Debug|Any CPU.ActiveCfg = Debug|Any CPU
		{997C56CC-0702-4D4F-824C-F0DA27009967}.Debug|Any CPU.Build.0 = Debug|Any CPU
		{997C56CC-0702-4D4F-824C-F0DA27009967}.Release|Any CPU.ActiveCfg = Release|Any CPU
		{997C56CC-0702-4D4F-824C-F0DA27009967}.Release|Any CPU.Build.0 = Release|Any CPU
		{A9E1EA0D-C6C6-49E2-8E3B-604AF54762BE}.Debug|Any CPU.ActiveCfg = Debug|Any CPU
		{A9E1EA0D-C6C6-49E2-8E3B-604AF54762BE}.Debug|Any CPU.Build.0 = Debug|Any CPU
		{A9E1EA0D-C6C6-49E2-8E3B-604AF54762BE}.Release|Any CPU.ActiveCfg = Release|Any CPU
		{A9E1EA0D-C6C6-49E2-8E3B-604AF54762BE}.Release|Any CPU.Build.0 = Release|Any CPU
		{85D66589-A95A-4E1F-BAA0-929D67265589}.Debug|Any CPU.ActiveCfg = Debug|Any CPU
		{85D66589-A95A-4E1F-BAA0-929D67265589}.Debug|Any CPU.Build.0 = Debug|Any CPU
		{85D66589-A95A-4E1F-BAA0-929D67265589}.Release|Any CPU.ActiveCfg = Release|Any CPU
		{85D66589-A95A-4E1F-BAA0-929D67265589}.Release|Any CPU.Build.0 = Release|Any CPU
		{2C7CF04F-14A8-4506-9636-EDB157397F9C}.Debug|Any CPU.ActiveCfg = Debug|Any CPU
		{2C7CF04F-14A8-4506-9636-EDB157397F9C}.Debug|Any CPU.Build.0 = Debug|Any CPU
		{2C7CF04F-14A8-4506-9636-EDB157397F9C}.Release|Any CPU.ActiveCfg = Release|Any CPU
		{2C7CF04F-14A8-4506-9636-EDB157397F9C}.Release|Any CPU.Build.0 = Release|Any CPU
	EndGlobalSection
	GlobalSection(SolutionProperties) = preSolution
		HideSolutionNode = FALSE
	EndGlobalSection
	GlobalSection(ExtensibilityGlobals) = postSolution
		SolutionGuid = {A5258DF3-757E-48FF-AC6A-B54431A72754}
	EndGlobalSection
EndGlobal
